// !$*UTF8*$!
{
	archiveVersion = 1;
	classes = {
	};
	objectVersion = 50;
	objects = {

/* Begin PBXBuildFile section */
		428C3DB323F8601E0060A335 /* Commit.swift in Sources */ = {isa = PBXBuildFile; fileRef = 428C3DB223F8601E0060A335 /* Commit.swift */; };
		428C3DB623F862780060A335 /* WebService.swift in Sources */ = {isa = PBXBuildFile; fileRef = 428C3DB523F862780060A335 /* WebService.swift */; };
		428C3DB923F8692C0060A335 /* CommitListViewModel.swift in Sources */ = {isa = PBXBuildFile; fileRef = 428C3DB823F8692C0060A335 /* CommitListViewModel.swift */; };
		42ADCA3823F85E5A0053FBE5 /* AppDelegate.swift in Sources */ = {isa = PBXBuildFile; fileRef = 42ADCA3723F85E5A0053FBE5 /* AppDelegate.swift */; };
		42ADCA3A23F85E5A0053FBE5 /* SceneDelegate.swift in Sources */ = {isa = PBXBuildFile; fileRef = 42ADCA3923F85E5A0053FBE5 /* SceneDelegate.swift */; };
		42ADCA3C23F85E5A0053FBE5 /* ContentView.swift in Sources */ = {isa = PBXBuildFile; fileRef = 42ADCA3B23F85E5A0053FBE5 /* ContentView.swift */; };
		42ADCA3E23F85E5C0053FBE5 /* Assets.xcassets in Resources */ = {isa = PBXBuildFile; fileRef = 42ADCA3D23F85E5C0053FBE5 /* Assets.xcassets */; };
		42ADCA4123F85E5C0053FBE5 /* Preview Assets.xcassets in Resources */ = {isa = PBXBuildFile; fileRef = 42ADCA4023F85E5C0053FBE5 /* Preview Assets.xcassets */; };
		42ADCA4423F85E5C0053FBE5 /* LaunchScreen.storyboard in Resources */ = {isa = PBXBuildFile; fileRef = 42ADCA4223F85E5C0053FBE5 /* LaunchScreen.storyboard */; };
/* End PBXBuildFile section */

/* Begin PBXFileReference section */
		428C3DB223F8601E0060A335 /* Commit.swift */ = {isa = PBXFileReference; lastKnownFileType = sourcecode.swift; path = Commit.swift; sourceTree = "<group>"; };
		428C3DB523F862780060A335 /* WebService.swift */ = {isa = PBXFileReference; lastKnownFileType = sourcecode.swift; path = WebService.swift; sourceTree = "<group>"; };
		428C3DB823F8692C0060A335 /* CommitListViewModel.swift */ = {isa = PBXFileReference; lastKnownFileType = sourcecode.swift; path = CommitListViewModel.swift; sourceTree = "<group>"; };
		42ADCA3423F85E5A0053FBE5 /* iOSMintTest.app */ = {isa = PBXFileReference; explicitFileType = wrapper.application; includeInIndex = 0; path = iOSMintTest.app; sourceTree = BUILT_PRODUCTS_DIR; };
		42ADCA3723F85E5A0053FBE5 /* AppDelegate.swift */ = {isa = PBXFileReference; lastKnownFileType = sourcecode.swift; path = AppDelegate.swift; sourceTree = "<group>"; };
		42ADCA3923F85E5A0053FBE5 /* SceneDelegate.swift */ = {isa = PBXFileReference; lastKnownFileType = sourcecode.swift; path = SceneDelegate.swift; sourceTree = "<group>"; };
		42ADCA3B23F85E5A0053FBE5 /* ContentView.swift */ = {isa = PBXFileReference; lastKnownFileType = sourcecode.swift; path = ContentView.swift; sourceTree = "<group>"; };
		42ADCA3D23F85E5C0053FBE5 /* Assets.xcassets */ = {isa = PBXFileReference; lastKnownFileType = folder.assetcatalog; path = Assets.xcassets; sourceTree = "<group>"; };
		42ADCA4023F85E5C0053FBE5 /* Preview Assets.xcassets */ = {isa = PBXFileReference; lastKnownFileType = folder.assetcatalog; path = "Preview Assets.xcassets"; sourceTree = "<group>"; };
		42ADCA4323F85E5C0053FBE5 /* Base */ = {isa = PBXFileReference; lastKnownFileType = file.storyboard; name = Base; path = Base.lproj/LaunchScreen.storyboard; sourceTree = "<group>"; };
		42ADCA4523F85E5C0053FBE5 /* Info.plist */ = {isa = PBXFileReference; lastKnownFileType = text.plist.xml; path = Info.plist; sourceTree = "<group>"; };
/* End PBXFileReference section */

/* Begin PBXFrameworksBuildPhase section */
		42ADCA3123F85E5A0053FBE5 /* Frameworks */ = {
			isa = PBXFrameworksBuildPhase;
			buildActionMask = 2147483647;
			files = (
			);
			runOnlyForDeploymentPostprocessing = 0;
		};
/* End PBXFrameworksBuildPhase section */

/* Begin PBXGroup section */
		428C3DB123F8600D0060A335 /* Model */ = {
			isa = PBXGroup;
			children = (
				428C3DB223F8601E0060A335 /* Commit.swift */,
			);
			path = Model;
			sourceTree = "<group>";
		};
		428C3DB423F8623E0060A335 /* Service */ = {
			isa = PBXGroup;
			children = (
				428C3DB523F862780060A335 /* WebService.swift */,
			);
			path = Service;
			sourceTree = "<group>";
		};
		428C3DB723F869050060A335 /* ViewModel */ = {
			isa = PBXGroup;
			children = (
				428C3DB823F8692C0060A335 /* CommitListViewModel.swift */,
			);
			path = ViewModel;
			sourceTree = "<group>";
		};
		428C3DBA23F8694D0060A335 /* View */ = {
			isa = PBXGroup;
			children = (
				42ADCA3B23F85E5A0053FBE5 /* ContentView.swift */,
			);
			path = View;
			sourceTree = "<group>";
		};
		42ADCA2B23F85E5A0053FBE5 = {
			isa = PBXGroup;
			children = (
				42ADCA3623F85E5A0053FBE5 /* iOSMintTest */,
				42ADCA3523F85E5A0053FBE5 /* Products */,
			);
			sourceTree = "<group>";
		};
		42ADCA3523F85E5A0053FBE5 /* Products */ = {
			isa = PBXGroup;
			children = (
				42ADCA3423F85E5A0053FBE5 /* iOSMintTest.app */,
			);
			name = Products;
			sourceTree = "<group>";
		};
		42ADCA3623F85E5A0053FBE5 /* iOSMintTest */ = {
			isa = PBXGroup;
			children = (
				428C3DB123F8600D0060A335 /* Model */,
				428C3DBA23F8694D0060A335 /* View */,
				428C3DB723F869050060A335 /* ViewModel */,
				428C3DB423F8623E0060A335 /* Service */,
				42ADCA3723F85E5A0053FBE5 /* AppDelegate.swift */,
				42ADCA3923F85E5A0053FBE5 /* SceneDelegate.swift */,
				42ADCA3D23F85E5C0053FBE5 /* Assets.xcassets */,
				42ADCA4223F85E5C0053FBE5 /* LaunchScreen.storyboard */,
				42ADCA4523F85E5C0053FBE5 /* Info.plist */,
				42ADCA3F23F85E5C0053FBE5 /* Preview Content */,
			);
			path = iOSMintTest;
			sourceTree = "<group>";
		};
		42ADCA3F23F85E5C0053FBE5 /* Preview Content */ = {
			isa = PBXGroup;
			children = (
				42ADCA4023F85E5C0053FBE5 /* Preview Assets.xcassets */,
			);
			path = "Preview Content";
			sourceTree = "<group>";
		};
/* End PBXGroup section */

/* Begin PBXNativeTarget section */
		42ADCA3323F85E5A0053FBE5 /* iOSMintTest */ = {
			isa = PBXNativeTarget;
			buildConfigurationList = 42ADCA4823F85E5C0053FBE5 /* Build configuration list for PBXNativeTarget "iOSMintTest" */;
			buildPhases = (
				42ADCA3023F85E5A0053FBE5 /* Sources */,
				42ADCA3123F85E5A0053FBE5 /* Frameworks */,
				42ADCA3223F85E5A0053FBE5 /* Resources */,
			);
			buildRules = (
			);
			dependencies = (
			);
			name = iOSMintTest;
			productName = iOSMintTest;
			productReference = 42ADCA3423F85E5A0053FBE5 /* iOSMintTest.app */;
			productType = "com.apple.product-type.application";
		};
/* End PBXNativeTarget section */

/* Begin PBXProject section */
		42ADCA2C23F85E5A0053FBE5 /* Project object */ = {
			isa = PBXProject;
			attributes = {
				LastSwiftUpdateCheck = 1130;
				LastUpgradeCheck = 1130;
				ORGANIZATIONNAME = UNION;
				TargetAttributes = {
					42ADCA3323F85E5A0053FBE5 = {
						CreatedOnToolsVersion = 11.3.1;
					};
				};
			};
			buildConfigurationList = 42ADCA2F23F85E5A0053FBE5 /* Build configuration list for PBXProject "iOSMintTest" */;
			compatibilityVersion = "Xcode 9.3";
			developmentRegion = en;
			hasScannedForEncodings = 0;
			knownRegions = (
				en,
				Base,
			);
			mainGroup = 42ADCA2B23F85E5A0053FBE5;
			productRefGroup = 42ADCA3523F85E5A0053FBE5 /* Products */;
			projectDirPath = "";
			projectRoot = "";
			targets = (
				42ADCA3323F85E5A0053FBE5 /* iOSMintTest */,
			);
		};
/* End PBXProject section */

/* Begin PBXResourcesBuildPhase section */
		42ADCA3223F85E5A0053FBE5 /* Resources */ = {
			isa = PBXResourcesBuildPhase;
			buildActionMask = 2147483647;
			files = (
				42ADCA4423F85E5C0053FBE5 /* LaunchScreen.storyboard in Resources */,
				42ADCA4123F85E5C0053FBE5 /* Preview Assets.xcassets in Resources */,
				42ADCA3E23F85E5C0053FBE5 /* Assets.xcassets in Resources */,
			);
			runOnlyForDeploymentPostprocessing = 0;
		};
/* End PBXResourcesBuildPhase section */

/* Begin PBXSourcesBuildPhase section */
		42ADCA3023F85E5A0053FBE5 /* Sources */ = {
			isa = PBXSourcesBuildPhase;
			buildActionMask = 2147483647;
			files = (
				428C3DB323F8601E0060A335 /* Commit.swift in Sources */,
				42ADCA3823F85E5A0053FBE5 /* AppDelegate.swift in Sources */,
				42ADCA3A23F85E5A0053FBE5 /* SceneDelegate.swift in Sources */,
				428C3DB923F8692C0060A335 /* CommitListViewModel.swift in Sources */,
				428C3DB623F862780060A335 /* WebService.swift in Sources */,
				42ADCA3C23F85E5A0053FBE5 /* ContentView.swift in Sources */,
			);
			runOnlyForDeploymentPostprocessing = 0;
		};
/* End PBXSourcesBuildPhase section */

/* Begin PBXVariantGroup section */
		42ADCA4223F85E5C0053FBE5 /* LaunchScreen.storyboard */ = {
			isa = PBXVariantGroup;
			children = (
				42ADCA4323F85E5C0053FBE5 /* Base */,
			);
			name = LaunchScreen.storyboard;
			sourceTree = "<group>";
		};
/* End PBXVariantGroup section */

/* Begin XCBuildConfiguration section */
		42ADCA4623F85E5C0053FBE5 /* Debug */ = {
			isa = XCBuildConfiguration;
			buildSettings = {
				ALWAYS_SEARCH_USER_PATHS = NO;
				CLANG_ANALYZER_NONNULL = YES;
				CLANG_ANALYZER_NUMBER_OBJECT_CONVERSION = YES_AGGRESSIVE;
				CLANG_CXX_LANGUAGE_STANDARD = "gnu++14";
				CLANG_CXX_LIBRARY = "libc++";
				CLANG_ENABLE_MODULES = YES;
				CLANG_ENABLE_OBJC_ARC = YES;
				CLANG_ENABLE_OBJC_WEAK = YES;
				CLANG_WARN_BLOCK_CAPTURE_AUTORELEASING = YES;
				CLANG_WARN_BOOL_CONVERSION = YES;
				CLANG_WARN_COMMA = YES;
				CLANG_WARN_CONSTANT_CONVERSION = YES;
				CLANG_WARN_DEPRECATED_OBJC_IMPLEMENTATIONS = YES;
				CLANG_WARN_DIRECT_OBJC_ISA_USAGE = YES_ERROR;
				CLANG_WARN_DOCUMENTATION_COMMENTS = YES;
				CLANG_WARN_EMPTY_BODY = YES;
				CLANG_WARN_ENUM_CONVERSION = YES;
				CLANG_WARN_INFINITE_RECURSION = YES;
				CLANG_WARN_INT_CONVERSION = YES;
				CLANG_WARN_NON_LITERAL_NULL_CONVERSION = YES;
				CLANG_WARN_OBJC_IMPLICIT_RETAIN_SELF = YES;
				CLANG_WARN_OBJC_LITERAL_CONVERSION = YES;
				CLANG_WARN_OBJC_ROOT_CLASS = YES_ERROR;
				CLANG_WARN_RANGE_LOOP_ANALYSIS = YES;
				CLANG_WARN_STRICT_PROTOTYPES = YES;
				CLANG_WARN_SUSPICIOUS_MOVE = YES;
				CLANG_WARN_UNGUARDED_AVAILABILITY = YES_AGGRESSIVE;
				CLANG_WARN_UNREACHABLE_CODE = YES;
				CLANG_WARN__DUPLICATE_METHOD_MATCH = YES;
				COPY_PHASE_STRIP = NO;
				DEBUG_INFORMATION_FORMAT = dwarf;
				ENABLE_STRICT_OBJC_MSGSEND = YES;
				ENABLE_TESTABILITY = YES;
				GCC_C_LANGUAGE_STANDARD = gnu11;
				GCC_DYNAMIC_NO_PIC = NO;
				GCC_NO_COMMON_BLOCKS = YES;
				GCC_OPTIMIZATION_LEVEL = 0;
				GCC_PREPROCESSOR_DEFINITIONS = (
					"DEBUG=1",
					"$(inherited)",
				);
				GCC_WARN_64_TO_32_BIT_CONVERSION = YES;
				GCC_WARN_ABOUT_RETURN_TYPE = YES_ERROR;
				GCC_WARN_UNDECLARED_SELECTOR = YES;
				GCC_WARN_UNINITIALIZED_AUTOS = YES_AGGRESSIVE;
				GCC_WARN_UNUSED_FUNCTION = YES;
				GCC_WARN_UNUSED_VARIABLE = YES;
				IPHONEOS_DEPLOYMENT_TARGET = 13.2;
				MTL_ENABLE_DEBUG_INFO = INCLUDE_SOURCE;
				MTL_FAST_MATH = YES;
				ONLY_ACTIVE_ARCH = YES;
				SDKROOT = iphoneos;
				SWIFT_ACTIVE_COMPILATION_CONDITIONS = DEBUG;
				SWIFT_OPTIMIZATION_LEVEL = "-Onone";
			};
			name = Debug;
		};
		42ADCA4723F85E5C0053FBE5 /* Release */ = {
			isa = XCBuildConfiguration;
			buildSettings = {
				ALWAYS_SEARCH_USER_PATHS = NO;
				CLANG_ANALYZER_NONNULL = YES;
				CLANG_ANALYZER_NUMBER_OBJECT_CONVERSION = YES_AGGRESSIVE;
				CLANG_CXX_LANGUAGE_STANDARD = "gnu++14";
				CLANG_CXX_LIBRARY = "libc++";
				CLANG_ENABLE_MODULES = YES;
				CLANG_ENABLE_OBJC_ARC = YES;
				CLANG_ENABLE_OBJC_WEAK = YES;
				CLANG_WARN_BLOCK_CAPTURE_AUTORELEASING = YES;
				CLANG_WARN_BOOL_CONVERSION = YES;
				CLANG_WARN_COMMA = YES;
				CLANG_WARN_CONSTANT_CONVERSION = YES;
				CLANG_WARN_DEPRECATED_OBJC_IMPLEMENTATIONS = YES;
				CLANG_WARN_DIRECT_OBJC_ISA_USAGE = YES_ERROR;
				CLANG_WARN_DOCUMENTATION_COMMENTS = YES;
				CLANG_WARN_EMPTY_BODY = YES;
				CLANG_WARN_ENUM_CONVERSION = YES;
				CLANG_WARN_INFINITE_RECURSION = YES;
				CLANG_WARN_INT_CONVERSION = YES;
				CLANG_WARN_NON_LITERAL_NULL_CONVERSION = YES;
				CLANG_WARN_OBJC_IMPLICIT_RETAIN_SELF = YES;
				CLANG_WARN_OBJC_LITERAL_CONVERSION = YES;
				CLANG_WARN_OBJC_ROOT_CLASS = YES_ERROR;
				CLANG_WARN_RANGE_LOOP_ANALYSIS = YES;
				CLANG_WARN_STRICT_PROTOTYPES = YES;
				CLANG_WARN_SUSPICIOUS_MOVE = YES;
				CLANG_WARN_UNGUARDED_AVAILABILITY = YES_AGGRESSIVE;
				CLANG_WARN_UNREACHABLE_CODE = YES;
				CLANG_WARN__DUPLICATE_METHOD_MATCH = YES;
				COPY_PHASE_STRIP = NO;
				DEBUG_INFORMATION_FORMAT = "dwarf-with-dsym";
				ENABLE_NS_ASSERTIONS = NO;
				ENABLE_STRICT_OBJC_MSGSEND = YES;
				GCC_C_LANGUAGE_STANDARD = gnu11;
				GCC_NO_COMMON_BLOCKS = YES;
				GCC_WARN_64_TO_32_BIT_CONVERSION = YES;
				GCC_WARN_ABOUT_RETURN_TYPE = YES_ERROR;
				GCC_WARN_UNDECLARED_SELECTOR = YES;
				GCC_WARN_UNINITIALIZED_AUTOS = YES_AGGRESSIVE;
				GCC_WARN_UNUSED_FUNCTION = YES;
				GCC_WARN_UNUSED_VARIABLE = YES;
				IPHONEOS_DEPLOYMENT_TARGET = 13.2;
				MTL_ENABLE_DEBUG_INFO = NO;
				MTL_FAST_MATH = YES;
				SDKROOT = iphoneos;
				SWIFT_COMPILATION_MODE = wholemodule;
				SWIFT_OPTIMIZATION_LEVEL = "-O";
				VALIDATE_PRODUCT = YES;
			};
			name = Release;
		};
		42ADCA4923F85E5C0053FBE5 /* Debug */ = {
			isa = XCBuildConfiguration;
			buildSettings = {
				ASSETCATALOG_COMPILER_APPICON_NAME = AppIcon;
				CODE_SIGN_STYLE = Automatic;
				DEVELOPMENT_ASSET_PATHS = "\"iOSMintTest/Preview Content\"";
				DEVELOPMENT_TEAM = 6L7HAPV85L;
				ENABLE_PREVIEWS = YES;
				INFOPLIST_FILE = iOSMintTest/Info.plist;
				LD_RUNPATH_SEARCH_PATHS = (
					"$(inherited)",
					"@executable_path/Frameworks",
				);
				PRODUCT_BUNDLE_IDENTIFIER = com.example.iOSMintTest;
				PRODUCT_NAME = "$(TARGET_NAME)";
				SWIFT_VERSION = 5.0;
				TARGETED_DEVICE_FAMILY = "1,2";
			};
			name = Debug;
		};
		42ADCA4A23F85E5C0053FBE5 /* Release */ = {
			isa = XCBuildConfiguration;
			buildSettings = {
				ASSETCATALOG_COMPILER_APPICON_NAME = AppIcon;
				CODE_SIGN_STYLE = Automatic;
				DEVELOPMENT_ASSET_PATHS = "\"iOSMintTest/Preview Content\"";
				DEVELOPMENT_TEAM = 6L7HAPV85L;
				ENABLE_PREVIEWS = YES;
				INFOPLIST_FILE = iOSMintTest/Info.plist;
				LD_RUNPATH_SEARCH_PATHS = (
					"$(inherited)",
					"@executable_path/Frameworks",
				);
				PRODUCT_BUNDLE_IDENTIFIER = com.example.iOSMintTest;
				PRODUCT_NAME = "$(TARGET_NAME)";
				SWIFT_VERSION = 5.0;
				TARGETED_DEVICE_FAMILY = "1,2";
			};
			name = Release;
		};
/* End XCBuildConfiguration section */

/* Begin XCConfigurationList section */
		42ADCA2F23F85E5A0053FBE5 /* Build configuration list for PBXProject "iOSMintTest" */ = {
			isa = XCConfigurationList;
			buildConfigurations = (
				42ADCA4623F85E5C0053FBE5 /* Debug */,
				42ADCA4723F85E5C0053FBE5 /* Release */,
			);
			defaultConfigurationIsVisible = 0;
			defaultConfigurationName = Release;
		};
		42ADCA4823F85E5C0053FBE5 /* Build configuration list for PBXNativeTarget "iOSMintTest" */ = {
			isa = XCConfigurationList;
			buildConfigurations = (
				42ADCA4923F85E5C0053FBE5 /* Debug */,
				42ADCA4A23F85E5C0053FBE5 /* Release */,
			);
			defaultConfigurationIsVisible = 0;
			defaultConfigurationName = Release;
		};
/* End XCConfigurationList section */
	};
	rootObject = 42ADCA2C23F85E5A0053FBE5 /* Project object */;
}
